
Microsoft Visual Studio Solution File, Format Version 12.00
# Visual Studio Version 17
VisualStudioVersion = 17.10.35013.160
MinimumVisualStudioVersion = 10.0.40219.1
Project("{FAE04EC0-301F-11D3-BF4B-00C04F79EFBC}") = "menupseudocogido", "menupseudocogido\menupseudocogido.csproj", "{367DF451-BA68-4969-A2B1-8DE4CF33C460}"
EndProject
Global
	GlobalSection(SolutionConfigurationPlatforms) = preSolution
		Debug|Any CPU = Debug|Any CPU
		Release|Any CPU = Release|Any CPU
	EndGlobalSection
	GlobalSection(ProjectConfigurationPlatforms) = postSolution
		{367DF451-BA68-4969-A2B1-8DE4CF33C460}.Debug|Any CPU.ActiveCfg = Debug|Any CPU
		{367DF451-BA68-4969-A2B1-8DE4CF33C460}.Debug|Any CPU.Build.0 = Debug|Any CPU
		{367DF451-BA68-4969-A2B1-8DE4CF33C460}.Release|Any CPU.ActiveCfg = Release|Any CPU
		{367DF451-BA68-4969-A2B1-8DE4CF33C460}.Release|Any CPU.Build.0 = Release|Any CPU
	EndGlobalSection
	GlobalSection(SolutionProperties) = preSolution
		HideSolutionNode = FALSE
	EndGlobalSection
	GlobalSection(ExtensibilityGlobals) = postSolution
		SolutionGuid = {11BB93C9-66F3-4313-AD36-BBB9EC52AF7E}
	EndGlobalSection
EndGlobal
